
Microsoft Visual Studio Solution File, Format Version 12.00
# Visual Studio Version 16
VisualStudioVersion = 16.0.29306.81
MinimumVisualStudioVersion = 10.0.40219.1
Project("{FAE04EC0-301F-11D3-BF4B-00C04F79EFBC}") = "BE.ExampleAPI", "BE.ExampleAPI.csproj", "{CCDF2944-6470-4933-A1F0-FBD6CBDE328A}"
EndProject
Global
	GlobalSection(SolutionConfigurationPlatforms) = preSolution
		Debug|Any CPU = Debug|Any CPU
		Release|Any CPU = Release|Any CPU
	EndGlobalSection
	GlobalSection(ProjectConfigurationPlatforms) = postSolution
		{CCDF2944-6470-4933-A1F0-FBD6CBDE328A}.Debug|Any CPU.ActiveCfg = Debug|Any CPU
		{CCDF2944-6470-4933-A1F0-FBD6CBDE328A}.Debug|Any CPU.Build.0 = Debug|Any CPU
		{CCDF2944-6470-4933-A1F0-FBD6CBDE328A}.Release|Any CPU.ActiveCfg = Release|Any CPU
		{CCDF2944-6470-4933-A1F0-FBD6CBDE328A}.Release|Any CPU.Build.0 = Release|Any CPU
	EndGlobalSection
	GlobalSection(SolutionProperties) = preSolution
		HideSolutionNode = FALSE
	EndGlobalSection
	GlobalSection(ExtensibilityGlobals) = postSolution
		SolutionGuid = {0B8065FA-ED22-4851-8A7A-9C205EF8D306}
	EndGlobalSection
EndGlobal
